// !$*UTF8*$!
{
	archiveVersion = 1;
	classes = {
	};
	objectVersion = 46;
	objects = {

/* Begin PBXBuildFile section */
		E517DE0D1F27C32600D46866 /* MULSearchTablePresenter.swift in Sources */ = {isa = PBXBuildFile; fileRef = E517DE0C1F27C32600D46866 /* MULSearchTablePresenter.swift */; };
		E517DE101F27C38900D46866 /* MULSearchTableViewProtocol.swift in Sources */ = {isa = PBXBuildFile; fileRef = E517DE0F1F27C38900D46866 /* MULSearchTableViewProtocol.swift */; };
		E529FA841F27CBAA0066343C /* MULSearchTableViewControllerFactory.swift in Sources */ = {isa = PBXBuildFile; fileRef = E529FA831F27CBAA0066343C /* MULSearchTableViewControllerFactory.swift */; };
		E529FA8B1F27CF280066343C /* MULSearchTableViewControllerTests.swift in Sources */ = {isa = PBXBuildFile; fileRef = E529FA8A1F27CF280066343C /* MULSearchTableViewControllerTests.swift */; };
		E529FA8D1F27CF6F0066343C /* MULStubSearchTablePresenter.swift in Sources */ = {isa = PBXBuildFile; fileRef = E529FA8C1F27CF6F0066343C /* MULStubSearchTablePresenter.swift */; };
		E529FA8F1F27D8BB0066343C /* MULSearchTablePresenterTests.swift in Sources */ = {isa = PBXBuildFile; fileRef = E529FA8E1F27D8BB0066343C /* MULSearchTablePresenterTests.swift */; };
		E529FA961F27E3230066343C /* MUSStubTracksQueryService.swift in Sources */ = {isa = PBXBuildFile; fileRef = E529FA951F27E3230066343C /* MUSStubTracksQueryService.swift */; };
		E529FA981F27E6DA0066343C /* MULStubSearchTableView.swift in Sources */ = {isa = PBXBuildFile; fileRef = E529FA971F27E6DA0066343C /* MULStubSearchTableView.swift */; };
		E529FA9C1F2806300066343C /* SDWebImage.framework in Frameworks */ = {isa = PBXBuildFile; fileRef = E529FA9B1F2806300066343C /* SDWebImage.framework */; };
		E529FA9D1F2806380066343C /* SDWebImage.framework in Embed Frameworks */ = {isa = PBXBuildFile; fileRef = E529FA9B1F2806300066343C /* SDWebImage.framework */; settings = {ATTRIBUTES = (CodeSignOnCopy, RemoveHeadersOnCopy, ); }; };
		E529FA9F1F2808520066343C /* MULSearchTableRouter.swift in Sources */ = {isa = PBXBuildFile; fileRef = E529FA9E1F2808520066343C /* MULSearchTableRouter.swift */; };
		E529FAA11F280A000066343C /* MULSearchDetailPresenter.swift in Sources */ = {isa = PBXBuildFile; fileRef = E529FAA01F280A000066343C /* MULSearchDetailPresenter.swift */; };
		E529FAA31F280B330066343C /* MULSearchDetailPresenterTests.swift in Sources */ = {isa = PBXBuildFile; fileRef = E529FAA21F280B330066343C /* MULSearchDetailPresenterTests.swift */; };
		E529FAA71F280D8C0066343C /* MULSearchDetailViewController.swift in Sources */ = {isa = PBXBuildFile; fileRef = E529FAA61F280D8C0066343C /* MULSearchDetailViewController.swift */; };
		E529FAA91F280F5F0066343C /* MULSearchDetailViewControllerTests.swift in Sources */ = {isa = PBXBuildFile; fileRef = E529FAA81F280F5F0066343C /* MULSearchDetailViewControllerTests.swift */; };
		E529FAAB1F2812140066343C /* MULStubSearchTableRouter.swift in Sources */ = {isa = PBXBuildFile; fileRef = E529FAAA1F2812140066343C /* MULStubSearchTableRouter.swift */; };
		E596FE4E1F2775CF000675EC /* AppDelegate.swift in Sources */ = {isa = PBXBuildFile; fileRef = E596FE4D1F2775CF000675EC /* AppDelegate.swift */; };
		E596FE531F2775CF000675EC /* Main.storyboard in Resources */ = {isa = PBXBuildFile; fileRef = E596FE511F2775CF000675EC /* Main.storyboard */; };
		E596FE551F2775CF000675EC /* Assets.xcassets in Resources */ = {isa = PBXBuildFile; fileRef = E596FE541F2775CF000675EC /* Assets.xcassets */; };
		E596FE581F2775CF000675EC /* LaunchScreen.storyboard in Resources */ = {isa = PBXBuildFile; fileRef = E596FE561F2775CF000675EC /* LaunchScreen.storyboard */; };
		E596FE711F27771E000675EC /* UTLMainQueueDispatcher.swift in Sources */ = {isa = PBXBuildFile; fileRef = E596FE701F27771E000675EC /* UTLMainQueueDispatcher.swift */; };
		E596FE731F277736000675EC /* UTLMainQueueDispatcherTests.swift in Sources */ = {isa = PBXBuildFile; fileRef = E596FE721F277736000675EC /* UTLMainQueueDispatcherTests.swift */; };
		E596FE771F277919000675EC /* UTLStubMainQueueDispatcher.swift in Sources */ = {isa = PBXBuildFile; fileRef = E596FE761F277919000675EC /* UTLStubMainQueueDispatcher.swift */; };
		E596FE791F2779FF000675EC /* NETResult.swift in Sources */ = {isa = PBXBuildFile; fileRef = E596FE781F2779FF000675EC /* NETResult.swift */; };
		E596FE7C1F277AE7000675EC /* NETRequester.swift in Sources */ = {isa = PBXBuildFile; fileRef = E596FE7B1F277AE7000675EC /* NETRequester.swift */; };
		E596FE7E1F277D82000675EC /* NETRequesterTests.swift in Sources */ = {isa = PBXBuildFile; fileRef = E596FE7D1F277D82000675EC /* NETRequesterTests.swift */; };
		E596FE801F277F7F000675EC /* NETURLSessionProtocol.swift in Sources */ = {isa = PBXBuildFile; fileRef = E596FE7F1F277F7F000675EC /* NETURLSessionProtocol.swift */; };
		E596FE821F27800D000675EC /* NETStubURLSession.swift in Sources */ = {isa = PBXBuildFile; fileRef = E596FE811F27800D000675EC /* NETStubURLSession.swift */; };
		E596FE841F2785A2000675EC /* NETError.swift in Sources */ = {isa = PBXBuildFile; fileRef = E596FE831F2785A2000675EC /* NETError.swift */; };
		E596FE861F278DCE000675EC /* NETJSONRequester.swift in Sources */ = {isa = PBXBuildFile; fileRef = E596FE851F278DCE000675EC /* NETJSONRequester.swift */; };
		E596FE8A1F278FD3000675EC /* SwiftyJSON.framework in Frameworks */ = {isa = PBXBuildFile; fileRef = E596FE881F278FB2000675EC /* SwiftyJSON.framework */; };
		E596FE8B1F278FD3000675EC /* SwiftyJSON.framework in Embed Frameworks */ = {isa = PBXBuildFile; fileRef = E596FE881F278FB2000675EC /* SwiftyJSON.framework */; settings = {ATTRIBUTES = (CodeSignOnCopy, RemoveHeadersOnCopy, ); }; };
		E5A0063F1F2790D200D6C950 /* NETJSONRequesterTests.swift in Sources */ = {isa = PBXBuildFile; fileRef = E5A0063E1F2790D200D6C950 /* NETJSONRequesterTests.swift */; };
		E5A006411F27918D00D6C950 /* NETStubRequester.swift in Sources */ = {isa = PBXBuildFile; fileRef = E5A006401F27918D00D6C950 /* NETStubRequester.swift */; };
		E5A006431F2793F600D6C950 /* TestHelpers.swift in Sources */ = {isa = PBXBuildFile; fileRef = E5A006421F2793F600D6C950 /* TestHelpers.swift */; };
		E5A006451F27967900D6C950 /* SwiftyJSON.framework in Frameworks */ = {isa = PBXBuildFile; fileRef = E596FE881F278FB2000675EC /* SwiftyJSON.framework */; };
		E5A0064D1F27A1A700D6C950 /* MUSTracksQueryServiceProtocol.swift in Sources */ = {isa = PBXBuildFile; fileRef = E5A0064C1F27A1A700D6C950 /* MUSTracksQueryServiceProtocol.swift */; };
		E5A006501F27A2DE00D6C950 /* MUSLastFMTracksQueryService.swift in Sources */ = {isa = PBXBuildFile; fileRef = E5A0064F1F27A2DE00D6C950 /* MUSLastFMTracksQueryService.swift */; };
		E5A006521F27A32D00D6C950 /* MUSLastFMTracksQueryServiceTests.swift in Sources */ = {isa = PBXBuildFile; fileRef = E5A006511F27A32D00D6C950 /* MUSLastFMTracksQueryServiceTests.swift */; };
		E5A006541F27A3ED00D6C950 /* NETStubJSONRequester.swift in Sources */ = {isa = PBXBuildFile; fileRef = E5A006531F27A3ED00D6C950 /* NETStubJSONRequester.swift */; };
		E5A006561F27A5EB00D6C950 /* MUSTrack.swift in Sources */ = {isa = PBXBuildFile; fileRef = E5A006551F27A5EB00D6C950 /* MUSTrack.swift */; };
		E5A006581F27AA6F00D6C950 /* MUSQueryServiceProviders.swift in Sources */ = {isa = PBXBuildFile; fileRef = E5A006571F27AA6F00D6C950 /* MUSQueryServiceProviders.swift */; };
		E5A0065A1F27B61500D6C950 /* validLastFMTracksListExample.json in Resources */ = {isa = PBXBuildFile; fileRef = E5A006591F27B61500D6C950 /* validLastFMTracksListExample.json */; };
		E5A0065C1F27B84200D6C950 /* MUSTrackTests.swift in Sources */ = {isa = PBXBuildFile; fileRef = E5A0065B1F27B84200D6C950 /* MUSTrackTests.swift */; };
		E5A0065E1F27BF4A00D6C950 /* PKHUD.framework in Frameworks */ = {isa = PBXBuildFile; fileRef = E5A0065D1F27BF4A00D6C950 /* PKHUD.framework */; };
		E5A0065F1F27BF5700D6C950 /* PKHUD.framework in Embed Frameworks */ = {isa = PBXBuildFile; fileRef = E5A0065D1F27BF4A00D6C950 /* PKHUD.framework */; settings = {ATTRIBUTES = (CodeSignOnCopy, RemoveHeadersOnCopy, ); }; };
		E5A006611F27C00100D6C950 /* MULSearchTableViewController.swift in Sources */ = {isa = PBXBuildFile; fileRef = E5A006601F27C00100D6C950 /* MULSearchTableViewController.swift */; };
		E5A1419D1F68076D001D6362 /* NETImageRequester.swift in Sources */ = {isa = PBXBuildFile; fileRef = E5A1419C1F68076D001D6362 /* NETImageRequester.swift */; };
		E5A1419F1F680797001D6362 /* NETStubImageRequester.swift in Sources */ = {isa = PBXBuildFile; fileRef = E5A1419E1F680797001D6362 /* NETStubImageRequester.swift */; };
		E5A141A11F6807B6001D6362 /* NETImageRequesterTests.swift in Sources */ = {isa = PBXBuildFile; fileRef = E5A141A01F6807B6001D6362 /* NETImageRequesterTests.swift */; };
		E5B0DFB51F689A6C0099BA3E /* NETRequesterFactory.swift in Sources */ = {isa = PBXBuildFile; fileRef = E5B0DFB41F689A6C0099BA3E /* NETRequesterFactory.swift */; };
		E5B0DFB71F689E5E0099BA3E /* NETStubRequesterFactory.swift in Sources */ = {isa = PBXBuildFile; fileRef = E5B0DFB61F689E5E0099BA3E /* NETStubRequesterFactory.swift */; };
/* End PBXBuildFile section */

/* Begin PBXContainerItemProxy section */
		E596FE5F1F2775CF000675EC /* PBXContainerItemProxy */ = {
			isa = PBXContainerItemProxy;
			containerPortal = E596FE421F2775CF000675EC /* Project object */;
			proxyType = 1;
			remoteGlobalIDString = E596FE491F2775CF000675EC;
			remoteInfo = MatFM;
		};
/* End PBXContainerItemProxy section */

/* Begin PBXCopyFilesBuildPhase section */
		E596FE8C1F278FD3000675EC /* Embed Frameworks */ = {
			isa = PBXCopyFilesBuildPhase;
			buildActionMask = 2147483647;
			dstPath = "";
			dstSubfolderSpec = 10;
			files = (
				E529FA9D1F2806380066343C /* SDWebImage.framework in Embed Frameworks */,
				E5A0065F1F27BF5700D6C950 /* PKHUD.framework in Embed Frameworks */,
				E596FE8B1F278FD3000675EC /* SwiftyJSON.framework in Embed Frameworks */,
			);
			name = "Embed Frameworks";
			runOnlyForDeploymentPostprocessing = 0;
		};
/* End PBXCopyFilesBuildPhase section */

/* Begin PBXFileReference section */
		E517DE0C1F27C32600D46866 /* MULSearchTablePresenter.swift */ = {isa = PBXFileReference; fileEncoding = 4; lastKnownFileType = sourcecode.swift; path = MULSearchTablePresenter.swift; sourceTree = "<group>"; };
		E517DE0F1F27C38900D46866 /* MULSearchTableViewProtocol.swift */ = {isa = PBXFileReference; fileEncoding = 4; lastKnownFileType = sourcecode.swift; path = MULSearchTableViewProtocol.swift; sourceTree = "<group>"; };
		E529FA831F27CBAA0066343C /* MULSearchTableViewControllerFactory.swift */ = {isa = PBXFileReference; fileEncoding = 4; lastKnownFileType = sourcecode.swift; path = MULSearchTableViewControllerFactory.swift; sourceTree = "<group>"; };
		E529FA8A1F27CF280066343C /* MULSearchTableViewControllerTests.swift */ = {isa = PBXFileReference; fileEncoding = 4; lastKnownFileType = sourcecode.swift; path = MULSearchTableViewControllerTests.swift; sourceTree = "<group>"; };
		E529FA8C1F27CF6F0066343C /* MULStubSearchTablePresenter.swift */ = {isa = PBXFileReference; fileEncoding = 4; lastKnownFileType = sourcecode.swift; path = MULStubSearchTablePresenter.swift; sourceTree = "<group>"; };
		E529FA8E1F27D8BB0066343C /* MULSearchTablePresenterTests.swift */ = {isa = PBXFileReference; fileEncoding = 4; lastKnownFileType = sourcecode.swift; path = MULSearchTablePresenterTests.swift; sourceTree = "<group>"; };
		E529FA951F27E3230066343C /* MUSStubTracksQueryService.swift */ = {isa = PBXFileReference; fileEncoding = 4; lastKnownFileType = sourcecode.swift; path = MUSStubTracksQueryService.swift; sourceTree = "<group>"; };
		E529FA971F27E6DA0066343C /* MULStubSearchTableView.swift */ = {isa = PBXFileReference; fileEncoding = 4; lastKnownFileType = sourcecode.swift; path = MULStubSearchTableView.swift; sourceTree = "<group>"; };
		E529FA9B1F2806300066343C /* SDWebImage.framework */ = {isa = PBXFileReference; lastKnownFileType = wrapper.framework; path = SDWebImage.framework; sourceTree = "<group>"; };
		E529FA9E1F2808520066343C /* MULSearchTableRouter.swift */ = {isa = PBXFileReference; fileEncoding = 4; lastKnownFileType = sourcecode.swift; path = MULSearchTableRouter.swift; sourceTree = "<group>"; };
		E529FAA01F280A000066343C /* MULSearchDetailPresenter.swift */ = {isa = PBXFileReference; fileEncoding = 4; lastKnownFileType = sourcecode.swift; path = MULSearchDetailPresenter.swift; sourceTree = "<group>"; };
		E529FAA21F280B330066343C /* MULSearchDetailPresenterTests.swift */ = {isa = PBXFileReference; fileEncoding = 4; lastKnownFileType = sourcecode.swift; path = MULSearchDetailPresenterTests.swift; sourceTree = "<group>"; };
		E529FAA61F280D8C0066343C /* MULSearchDetailViewController.swift */ = {isa = PBXFileReference; fileEncoding = 4; lastKnownFileType = sourcecode.swift; path = MULSearchDetailViewController.swift; sourceTree = "<group>"; };
		E529FAA81F280F5F0066343C /* MULSearchDetailViewControllerTests.swift */ = {isa = PBXFileReference; fileEncoding = 4; lastKnownFileType = sourcecode.swift; path = MULSearchDetailViewControllerTests.swift; sourceTree = "<group>"; };
		E529FAAA1F2812140066343C /* MULStubSearchTableRouter.swift */ = {isa = PBXFileReference; fileEncoding = 4; lastKnownFileType = sourcecode.swift; path = MULStubSearchTableRouter.swift; sourceTree = "<group>"; };
		E596FE4A1F2775CF000675EC /* MatFM.app */ = {isa = PBXFileReference; explicitFileType = wrapper.application; includeInIndex = 0; path = MatFM.app; sourceTree = BUILT_PRODUCTS_DIR; };
		E596FE4D1F2775CF000675EC /* AppDelegate.swift */ = {isa = PBXFileReference; lastKnownFileType = sourcecode.swift; path = AppDelegate.swift; sourceTree = "<group>"; };
		E596FE521F2775CF000675EC /* Base */ = {isa = PBXFileReference; lastKnownFileType = file.storyboard; name = Base; path = Base.lproj/Main.storyboard; sourceTree = "<group>"; };
		E596FE541F2775CF000675EC /* Assets.xcassets */ = {isa = PBXFileReference; lastKnownFileType = folder.assetcatalog; path = Assets.xcassets; sourceTree = "<group>"; };
		E596FE571F2775CF000675EC /* Base */ = {isa = PBXFileReference; lastKnownFileType = file.storyboard; name = Base; path = Base.lproj/LaunchScreen.storyboard; sourceTree = "<group>"; };
		E596FE591F2775CF000675EC /* Info.plist */ = {isa = PBXFileReference; lastKnownFileType = text.plist.xml; path = Info.plist; sourceTree = "<group>"; };
		E596FE5E1F2775CF000675EC /* MatFMTests.xctest */ = {isa = PBXFileReference; explicitFileType = wrapper.cfbundle; includeInIndex = 0; path = MatFMTests.xctest; sourceTree = BUILT_PRODUCTS_DIR; };
		E596FE641F2775CF000675EC /* Info.plist */ = {isa = PBXFileReference; lastKnownFileType = text.plist.xml; path = Info.plist; sourceTree = "<group>"; };
		E596FE701F27771E000675EC /* UTLMainQueueDispatcher.swift */ = {isa = PBXFileReference; fileEncoding = 4; lastKnownFileType = sourcecode.swift; path = UTLMainQueueDispatcher.swift; sourceTree = "<group>"; };
		E596FE721F277736000675EC /* UTLMainQueueDispatcherTests.swift */ = {isa = PBXFileReference; fileEncoding = 4; lastKnownFileType = sourcecode.swift; path = UTLMainQueueDispatcherTests.swift; sourceTree = "<group>"; };
		E596FE761F277919000675EC /* UTLStubMainQueueDispatcher.swift */ = {isa = PBXFileReference; fileEncoding = 4; lastKnownFileType = sourcecode.swift; path = UTLStubMainQueueDispatcher.swift; sourceTree = "<group>"; };
		E596FE781F2779FF000675EC /* NETResult.swift */ = {isa = PBXFileReference; fileEncoding = 4; lastKnownFileType = sourcecode.swift; path = NETResult.swift; sourceTree = "<group>"; };
		E596FE7B1F277AE7000675EC /* NETRequester.swift */ = {isa = PBXFileReference; fileEncoding = 4; lastKnownFileType = sourcecode.swift; path = NETRequester.swift; sourceTree = "<group>"; };
		E596FE7D1F277D82000675EC /* NETRequesterTests.swift */ = {isa = PBXFileReference; fileEncoding = 4; lastKnownFileType = sourcecode.swift; path = NETRequesterTests.swift; sourceTree = "<group>"; };
		E596FE7F1F277F7F000675EC /* NETURLSessionProtocol.swift */ = {isa = PBXFileReference; fileEncoding = 4; lastKnownFileType = sourcecode.swift; path = NETURLSessionProtocol.swift; sourceTree = "<group>"; };
		E596FE811F27800D000675EC /* NETStubURLSession.swift */ = {isa = PBXFileReference; fileEncoding = 4; lastKnownFileType = sourcecode.swift; path = NETStubURLSession.swift; sourceTree = "<group>"; };
		E596FE831F2785A2000675EC /* NETError.swift */ = {isa = PBXFileReference; fileEncoding = 4; lastKnownFileType = sourcecode.swift; path = NETError.swift; sourceTree = "<group>"; };
		E596FE851F278DCE000675EC /* NETJSONRequester.swift */ = {isa = PBXFileReference; fileEncoding = 4; lastKnownFileType = sourcecode.swift; path = NETJSONRequester.swift; sourceTree = "<group>"; };
		E596FE881F278FB2000675EC /* SwiftyJSON.framework */ = {isa = PBXFileReference; lastKnownFileType = wrapper.framework; path = SwiftyJSON.framework; sourceTree = "<group>"; };
		E5A0063E1F2790D200D6C950 /* NETJSONRequesterTests.swift */ = {isa = PBXFileReference; fileEncoding = 4; lastKnownFileType = sourcecode.swift; path = NETJSONRequesterTests.swift; sourceTree = "<group>"; };
		E5A006401F27918D00D6C950 /* NETStubRequester.swift */ = {isa = PBXFileReference; fileEncoding = 4; lastKnownFileType = sourcecode.swift; path = NETStubRequester.swift; sourceTree = "<group>"; };
		E5A006421F2793F600D6C950 /* TestHelpers.swift */ = {isa = PBXFileReference; fileEncoding = 4; lastKnownFileType = sourcecode.swift; path = TestHelpers.swift; sourceTree = "<group>"; };
		E5A0064C1F27A1A700D6C950 /* MUSTracksQueryServiceProtocol.swift */ = {isa = PBXFileReference; fileEncoding = 4; lastKnownFileType = sourcecode.swift; path = MUSTracksQueryServiceProtocol.swift; sourceTree = "<group>"; };
		E5A0064F1F27A2DE00D6C950 /* MUSLastFMTracksQueryService.swift */ = {isa = PBXFileReference; fileEncoding = 4; lastKnownFileType = sourcecode.swift; path = MUSLastFMTracksQueryService.swift; sourceTree = "<group>"; };
		E5A006511F27A32D00D6C950 /* MUSLastFMTracksQueryServiceTests.swift */ = {isa = PBXFileReference; fileEncoding = 4; lastKnownFileType = sourcecode.swift; path = MUSLastFMTracksQueryServiceTests.swift; sourceTree = "<group>"; };
		E5A006531F27A3ED00D6C950 /* NETStubJSONRequester.swift */ = {isa = PBXFileReference; fileEncoding = 4; lastKnownFileType = sourcecode.swift; path = NETStubJSONRequester.swift; sourceTree = "<group>"; };
		E5A006551F27A5EB00D6C950 /* MUSTrack.swift */ = {isa = PBXFileReference; fileEncoding = 4; lastKnownFileType = sourcecode.swift; path = MUSTrack.swift; sourceTree = "<group>"; };
		E5A006571F27AA6F00D6C950 /* MUSQueryServiceProviders.swift */ = {isa = PBXFileReference; fileEncoding = 4; lastKnownFileType = sourcecode.swift; path = MUSQueryServiceProviders.swift; sourceTree = "<group>"; };
		E5A006591F27B61500D6C950 /* validLastFMTracksListExample.json */ = {isa = PBXFileReference; fileEncoding = 4; lastKnownFileType = text.json; path = validLastFMTracksListExample.json; sourceTree = "<group>"; };
		E5A0065B1F27B84200D6C950 /* MUSTrackTests.swift */ = {isa = PBXFileReference; fileEncoding = 4; lastKnownFileType = sourcecode.swift; path = MUSTrackTests.swift; sourceTree = "<group>"; };
		E5A0065D1F27BF4A00D6C950 /* PKHUD.framework */ = {isa = PBXFileReference; lastKnownFileType = wrapper.framework; path = PKHUD.framework; sourceTree = "<group>"; };
		E5A006601F27C00100D6C950 /* MULSearchTableViewController.swift */ = {isa = PBXFileReference; fileEncoding = 4; lastKnownFileType = sourcecode.swift; path = MULSearchTableViewController.swift; sourceTree = "<group>"; };
		E5A1419C1F68076D001D6362 /* NETImageRequester.swift */ = {isa = PBXFileReference; fileEncoding = 4; lastKnownFileType = sourcecode.swift; path = NETImageRequester.swift; sourceTree = "<group>"; };
		E5A1419E1F680797001D6362 /* NETStubImageRequester.swift */ = {isa = PBXFileReference; fileEncoding = 4; lastKnownFileType = sourcecode.swift; path = NETStubImageRequester.swift; sourceTree = "<group>"; };
		E5A141A01F6807B6001D6362 /* NETImageRequesterTests.swift */ = {isa = PBXFileReference; fileEncoding = 4; lastKnownFileType = sourcecode.swift; path = NETImageRequesterTests.swift; sourceTree = "<group>"; };
		E5B0DFB41F689A6C0099BA3E /* NETRequesterFactory.swift */ = {isa = PBXFileReference; fileEncoding = 4; lastKnownFileType = sourcecode.swift; path = NETRequesterFactory.swift; sourceTree = "<group>"; };
		E5B0DFB61F689E5E0099BA3E /* NETStubRequesterFactory.swift */ = {isa = PBXFileReference; fileEncoding = 4; lastKnownFileType = sourcecode.swift; path = NETStubRequesterFactory.swift; sourceTree = "<group>"; };
/* End PBXFileReference section */

/* Begin PBXFrameworksBuildPhase section */
		E596FE471F2775CF000675EC /* Frameworks */ = {
			isa = PBXFrameworksBuildPhase;
			buildActionMask = 2147483647;
			files = (
				E596FE8A1F278FD3000675EC /* SwiftyJSON.framework in Frameworks */,
				E529FA9C1F2806300066343C /* SDWebImage.framework in Frameworks */,
				E5A0065E1F27BF4A00D6C950 /* PKHUD.framework in Frameworks */,
			);
			runOnlyForDeploymentPostprocessing = 0;
		};
		E596FE5B1F2775CF000675EC /* Frameworks */ = {
			isa = PBXFrameworksBuildPhase;
			buildActionMask = 2147483647;
			files = (
				E5A006451F27967900D6C950 /* SwiftyJSON.framework in Frameworks */,
			);
			runOnlyForDeploymentPostprocessing = 0;
		};
/* End PBXFrameworksBuildPhase section */

/* Begin PBXGroup section */
		E517DE0A1F27C03500D46866 /* MusicLibrary */ = {
			isa = PBXGroup;
			children = (
				E517DE0B1F27C04100D46866 /* View */,
				E517DE0E1F27C33D00D46866 /* Presenter */,
				E529FA851F27CBEA0066343C /* Router */,
			);
			name = MusicLibrary;
			sourceTree = "<group>";
		};
		E517DE0B1F27C04100D46866 /* View */ = {
			isa = PBXGroup;
			children = (
				E517DE0F1F27C38900D46866 /* MULSearchTableViewProtocol.swift */,
				E5A006601F27C00100D6C950 /* MULSearchTableViewController.swift */,
				E529FAA61F280D8C0066343C /* MULSearchDetailViewController.swift */,
			);
			name = View;
			sourceTree = "<group>";
		};
		E517DE0E1F27C33D00D46866 /* Presenter */ = {
			isa = PBXGroup;
			children = (
				E517DE0C1F27C32600D46866 /* MULSearchTablePresenter.swift */,
				E529FAA01F280A000066343C /* MULSearchDetailPresenter.swift */,
			);
			name = Presenter;
			sourceTree = "<group>";
		};
		E529FA851F27CBEA0066343C /* Router */ = {
			isa = PBXGroup;
			children = (
				E529FA831F27CBAA0066343C /* MULSearchTableViewControllerFactory.swift */,
				E529FA9E1F2808520066343C /* MULSearchTableRouter.swift */,
			);
			name = Router;
			sourceTree = "<group>";
		};
		E596FE411F2775CF000675EC = {
			isa = PBXGroup;
			children = (
				E596FE4C1F2775CF000675EC /* MatFM */,
				E596FE611F2775CF000675EC /* MatFMTests */,
				E596FE4B1F2775CF000675EC /* Products */,
			);
			sourceTree = "<group>";
		};
		E596FE4B1F2775CF000675EC /* Products */ = {
			isa = PBXGroup;
			children = (
				E596FE4A1F2775CF000675EC /* MatFM.app */,
				E596FE5E1F2775CF000675EC /* MatFMTests.xctest */,
			);
			name = Products;
			sourceTree = "<group>";
		};
		E596FE4C1F2775CF000675EC /* MatFM */ = {
			isa = PBXGroup;
			children = (
				E596FE4D1F2775CF000675EC /* AppDelegate.swift */,
				E596FE511F2775CF000675EC /* Main.storyboard */,
				E596FE541F2775CF000675EC /* Assets.xcassets */,
				E596FE561F2775CF000675EC /* LaunchScreen.storyboard */,
				E596FE591F2775CF000675EC /* Info.plist */,
				E517DE0A1F27C03500D46866 /* MusicLibrary */,
				E5A0064E1F27A1AC00D6C950 /* MusicService */,
				E596FE7A1F277A03000675EC /* Networking */,
				E596FE6F1F277685000675EC /* Utility */,
				E596FE871F278FB2000675EC /* ThirdParty */,
			);
			path = MatFM;
			sourceTree = "<group>";
		};
		E596FE611F2775CF000675EC /* MatFMTests */ = {
			isa = PBXGroup;
			children = (
				E5A006441F27942600D6C950 /* Supporting files */,
				E596FE751F2778B2000675EC /* Stubs */,
				E596FE741F2778AA000675EC /* Tests */,
				E596FE641F2775CF000675EC /* Info.plist */,
			);
			path = MatFMTests;
			sourceTree = "<group>";
		};
		E596FE6F1F277685000675EC /* Utility */ = {
			isa = PBXGroup;
			children = (
				E596FE701F27771E000675EC /* UTLMainQueueDispatcher.swift */,
			);
			name = Utility;
			sourceTree = "<group>";
		};
		E596FE741F2778AA000675EC /* Tests */ = {
			isa = PBXGroup;
			children = (
				E529FAA81F280F5F0066343C /* MULSearchDetailViewControllerTests.swift */,
				E529FAA21F280B330066343C /* MULSearchDetailPresenterTests.swift */,
				E529FA8E1F27D8BB0066343C /* MULSearchTablePresenterTests.swift */,
				E529FA8A1F27CF280066343C /* MULSearchTableViewControllerTests.swift */,
				E5A0065B1F27B84200D6C950 /* MUSTrackTests.swift */,
				E5A006511F27A32D00D6C950 /* MUSLastFMTracksQueryServiceTests.swift */,
				E596FE7D1F277D82000675EC /* NETRequesterTests.swift */,
				E5A0063E1F2790D200D6C950 /* NETJSONRequesterTests.swift */,
				E5A141A01F6807B6001D6362 /* NETImageRequesterTests.swift */,
				E596FE721F277736000675EC /* UTLMainQueueDispatcherTests.swift */,
			);
			name = Tests;
			sourceTree = "<group>";
		};
		E596FE751F2778B2000675EC /* Stubs */ = {
			isa = PBXGroup;
			children = (
				E529FAAA1F2812140066343C /* MULStubSearchTableRouter.swift */,
				E529FA971F27E6DA0066343C /* MULStubSearchTableView.swift */,
				E529FA8C1F27CF6F0066343C /* MULStubSearchTablePresenter.swift */,
				E529FA951F27E3230066343C /* MUSStubTracksQueryService.swift */,
				E5A006531F27A3ED00D6C950 /* NETStubJSONRequester.swift */,
				E596FE811F27800D000675EC /* NETStubURLSession.swift */,
				E5A1419E1F680797001D6362 /* NETStubImageRequester.swift */,
				E5A006401F27918D00D6C950 /* NETStubRequester.swift */,
				E5B0DFB61F689E5E0099BA3E /* NETStubRequesterFactory.swift */,
				E596FE761F277919000675EC /* UTLStubMainQueueDispatcher.swift */,
			);
			name = Stubs;
			sourceTree = "<group>";
		};
		E596FE7A1F277A03000675EC /* Networking */ = {
			isa = PBXGroup;
			children = (
				E596FE831F2785A2000675EC /* NETError.swift */,
				E596FE781F2779FF000675EC /* NETResult.swift */,
				E596FE7B1F277AE7000675EC /* NETRequester.swift */,
				E5B0DFB41F689A6C0099BA3E /* NETRequesterFactory.swift */,
				E596FE851F278DCE000675EC /* NETJSONRequester.swift */,
				E5A1419C1F68076D001D6362 /* NETImageRequester.swift */,
				E596FE7F1F277F7F000675EC /* NETURLSessionProtocol.swift */,
			);
			name = Networking;
			sourceTree = "<group>";
		};
		E596FE871F278FB2000675EC /* ThirdParty */ = {
			isa = PBXGroup;
			children = (
				E529FA9B1F2806300066343C /* SDWebImage.framework */,
				E5A0065D1F27BF4A00D6C950 /* PKHUD.framework */,
				E596FE881F278FB2000675EC /* SwiftyJSON.framework */,
			);
			path = ThirdParty;
			sourceTree = "<group>";
		};
		E5A006441F27942600D6C950 /* Supporting files */ = {
			isa = PBXGroup;
			children = (
				E5A006591F27B61500D6C950 /* validLastFMTracksListExample.json */,
				E5A006421F2793F600D6C950 /* TestHelpers.swift */,
			);
			name = "Supporting files";
			sourceTree = "<group>";
		};
		E5A0064E1F27A1AC00D6C950 /* MusicService */ = {
			isa = PBXGroup;
			children = (
				E5A006551F27A5EB00D6C950 /* MUSTrack.swift */,
				E5A0064C1F27A1A700D6C950 /* MUSTracksQueryServiceProtocol.swift */,
				E5A0064F1F27A2DE00D6C950 /* MUSLastFMTracksQueryService.swift */,
				E5A006571F27AA6F00D6C950 /* MUSQueryServiceProviders.swift */,
			);
			name = MusicService;
			sourceTree = "<group>";
		};
/* End PBXGroup section */

/* Begin PBXNativeTarget section */
		E596FE491F2775CF000675EC /* MatFM */ = {
			isa = PBXNativeTarget;
			buildConfigurationList = E596FE671F2775CF000675EC /* Build configuration list for PBXNativeTarget "MatFM" */;
			buildPhases = (
				E596FE461F2775CF000675EC /* Sources */,
				E596FE471F2775CF000675EC /* Frameworks */,
				E596FE481F2775CF000675EC /* Resources */,
				E596FE8C1F278FD3000675EC /* Embed Frameworks */,
			);
			buildRules = (
			);
			dependencies = (
			);
			name = MatFM;
			productName = MatFM;
			productReference = E596FE4A1F2775CF000675EC /* MatFM.app */;
			productType = "com.apple.product-type.application";
		};
		E596FE5D1F2775CF000675EC /* MatFMTests */ = {
			isa = PBXNativeTarget;
			buildConfigurationList = E596FE6A1F2775CF000675EC /* Build configuration list for PBXNativeTarget "MatFMTests" */;
			buildPhases = (
				E596FE5A1F2775CF000675EC /* Sources */,
				E596FE5B1F2775CF000675EC /* Frameworks */,
				E596FE5C1F2775CF000675EC /* Resources */,
			);
			buildRules = (
			);
			dependencies = (
				E596FE601F2775CF000675EC /* PBXTargetDependency */,
			);
			name = MatFMTests;
			productName = MatFMTests;
			productReference = E596FE5E1F2775CF000675EC /* MatFMTests.xctest */;
			productType = "com.apple.product-type.bundle.unit-test";
		};
/* End PBXNativeTarget section */

/* Begin PBXProject section */
		E596FE421F2775CF000675EC /* Project object */ = {
			isa = PBXProject;
			attributes = {
				LastSwiftUpdateCheck = 0830;
				LastUpgradeCheck = 0830;
				ORGANIZATIONNAME = "Easyfuture LTD";
				TargetAttributes = {
					E596FE491F2775CF000675EC = {
						CreatedOnToolsVersion = 8.3.3;
						DevelopmentTeam = EUPRJDEKWL;
						ProvisioningStyle = Automatic;
					};
					E596FE5D1F2775CF000675EC = {
						CreatedOnToolsVersion = 8.3.3;
						DevelopmentTeam = EUPRJDEKWL;
						ProvisioningStyle = Automatic;
						TestTargetID = E596FE491F2775CF000675EC;
					};
				};
			};
			buildConfigurationList = E596FE451F2775CF000675EC /* Build configuration list for PBXProject "MatFM" */;
			compatibilityVersion = "Xcode 3.2";
			developmentRegion = English;
			hasScannedForEncodings = 0;
			knownRegions = (
				en,
				Base,
			);
			mainGroup = E596FE411F2775CF000675EC;
			productRefGroup = E596FE4B1F2775CF000675EC /* Products */;
			projectDirPath = "";
			projectRoot = "";
			targets = (
				E596FE491F2775CF000675EC /* MatFM */,
				E596FE5D1F2775CF000675EC /* MatFMTests */,
			);
		};
/* End PBXProject section */

/* Begin PBXResourcesBuildPhase section */
		E596FE481F2775CF000675EC /* Resources */ = {
			isa = PBXResourcesBuildPhase;
			buildActionMask = 2147483647;
			files = (
				E596FE581F2775CF000675EC /* LaunchScreen.storyboard in Resources */,
				E596FE551F2775CF000675EC /* Assets.xcassets in Resources */,
				E596FE531F2775CF000675EC /* Main.storyboard in Resources */,
			);
			runOnlyForDeploymentPostprocessing = 0;
		};
		E596FE5C1F2775CF000675EC /* Resources */ = {
			isa = PBXResourcesBuildPhase;
			buildActionMask = 2147483647;
			files = (
				E5A0065A1F27B61500D6C950 /* validLastFMTracksListExample.json in Resources */,
			);
			runOnlyForDeploymentPostprocessing = 0;
		};
/* End PBXResourcesBuildPhase section */

/* Begin PBXSourcesBuildPhase section */
		E596FE461F2775CF000675EC /* Sources */ = {
			isa = PBXSourcesBuildPhase;
			buildActionMask = 2147483647;
			files = (
				E596FE711F27771E000675EC /* UTLMainQueueDispatcher.swift in Sources */,
				E5A0064D1F27A1A700D6C950 /* MUSTracksQueryServiceProtocol.swift in Sources */,
				E596FE861F278DCE000675EC /* NETJSONRequester.swift in Sources */,
				E5B0DFB51F689A6C0099BA3E /* NETRequesterFactory.swift in Sources */,
				E596FE4E1F2775CF000675EC /* AppDelegate.swift in Sources */,
				E5A006581F27AA6F00D6C950 /* MUSQueryServiceProviders.swift in Sources */,
				E596FE791F2779FF000675EC /* NETResult.swift in Sources */,
				E529FAA11F280A000066343C /* MULSearchDetailPresenter.swift in Sources */,
				E596FE841F2785A2000675EC /* NETError.swift in Sources */,
				E529FA841F27CBAA0066343C /* MULSearchTableViewControllerFactory.swift in Sources */,
				E517DE101F27C38900D46866 /* MULSearchTableViewProtocol.swift in Sources */,
				E5A1419D1F68076D001D6362 /* NETImageRequester.swift in Sources */,
				E596FE801F277F7F000675EC /* NETURLSessionProtocol.swift in Sources */,
				E5A006501F27A2DE00D6C950 /* MUSLastFMTracksQueryService.swift in Sources */,
				E596FE7C1F277AE7000675EC /* NETRequester.swift in Sources */,
				E517DE0D1F27C32600D46866 /* MULSearchTablePresenter.swift in Sources */,
				E529FAA71F280D8C0066343C /* MULSearchDetailViewController.swift in Sources */,
				E5A006611F27C00100D6C950 /* MULSearchTableViewController.swift in Sources */,
				E5A006561F27A5EB00D6C950 /* MUSTrack.swift in Sources */,
				E529FA9F1F2808520066343C /* MULSearchTableRouter.swift in Sources */,
			);
			runOnlyForDeploymentPostprocessing = 0;
		};
		E596FE5A1F2775CF000675EC /* Sources */ = {
			isa = PBXSourcesBuildPhase;
			buildActionMask = 2147483647;
			files = (
				E5A0065C1F27B84200D6C950 /* MUSTrackTests.swift in Sources */,
				E5A006541F27A3ED00D6C950 /* NETStubJSONRequester.swift in Sources */,
				E596FE7E1F277D82000675EC /* NETRequesterTests.swift in Sources */,
				E5A0063F1F2790D200D6C950 /* NETJSONRequesterTests.swift in Sources */,
				E529FAA31F280B330066343C /* MULSearchDetailPresenterTests.swift in Sources */,
				E5B0DFB71F689E5E0099BA3E /* NETStubRequesterFactory.swift in Sources */,
				E5A1419F1F680797001D6362 /* NETStubImageRequester.swift in Sources */,
				E529FA8D1F27CF6F0066343C /* MULStubSearchTablePresenter.swift in Sources */,
				E529FA981F27E6DA0066343C /* MULStubSearchTableView.swift in Sources */,
				E529FAAB1F2812140066343C /* MULStubSearchTableRouter.swift in Sources */,
				E5A006431F2793F600D6C950 /* TestHelpers.swift in Sources */,
				E529FAA91F280F5F0066343C /* MULSearchDetailViewControllerTests.swift in Sources */,
				E529FA8B1F27CF280066343C /* MULSearchTableViewControllerTests.swift in Sources */,
				E596FE771F277919000675EC /* UTLStubMainQueueDispatcher.swift in Sources */,
				E529FA8F1F27D8BB0066343C /* MULSearchTablePresenterTests.swift in Sources */,
				E596FE821F27800D000675EC /* NETStubURLSession.swift in Sources */,
				E5A006521F27A32D00D6C950 /* MUSLastFMTracksQueryServiceTests.swift in Sources */,
				E5A141A11F6807B6001D6362 /* NETImageRequesterTests.swift in Sources */,
				E529FA961F27E3230066343C /* MUSStubTracksQueryService.swift in Sources */,
				E5A006411F27918D00D6C950 /* NETStubRequester.swift in Sources */,
				E596FE731F277736000675EC /* UTLMainQueueDispatcherTests.swift in Sources */,
			);
			runOnlyForDeploymentPostprocessing = 0;
		};
/* End PBXSourcesBuildPhase section */

/* Begin PBXTargetDependency section */
		E596FE601F2775CF000675EC /* PBXTargetDependency */ = {
			isa = PBXTargetDependency;
			target = E596FE491F2775CF000675EC /* MatFM */;
			targetProxy = E596FE5F1F2775CF000675EC /* PBXContainerItemProxy */;
		};
/* End PBXTargetDependency section */

/* Begin PBXVariantGroup section */
		E596FE511F2775CF000675EC /* Main.storyboard */ = {
			isa = PBXVariantGroup;
			children = (
				E596FE521F2775CF000675EC /* Base */,
			);
			name = Main.storyboard;
			sourceTree = "<group>";
		};
		E596FE561F2775CF000675EC /* LaunchScreen.storyboard */ = {
			isa = PBXVariantGroup;
			children = (
				E596FE571F2775CF000675EC /* Base */,
			);
			name = LaunchScreen.storyboard;
			sourceTree = "<group>";
		};
/* End PBXVariantGroup section */

/* Begin XCBuildConfiguration section */
		E596FE651F2775CF000675EC /* Debug */ = {
			isa = XCBuildConfiguration;
			buildSettings = {
				ALWAYS_SEARCH_USER_PATHS = NO;
				CLANG_ANALYZER_NONNULL = YES;
				CLANG_ANALYZER_NUMBER_OBJECT_CONVERSION = YES_AGGRESSIVE;
				CLANG_CXX_LANGUAGE_STANDARD = "gnu++0x";
				CLANG_CXX_LIBRARY = "libc++";
				CLANG_ENABLE_MODULES = YES;
				CLANG_ENABLE_OBJC_ARC = YES;
				CLANG_WARN_BOOL_CONVERSION = YES;
				CLANG_WARN_CONSTANT_CONVERSION = YES;
				CLANG_WARN_DIRECT_OBJC_ISA_USAGE = YES_ERROR;
				CLANG_WARN_DOCUMENTATION_COMMENTS = YES;
				CLANG_WARN_EMPTY_BODY = YES;
				CLANG_WARN_ENUM_CONVERSION = YES;
				CLANG_WARN_INFINITE_RECURSION = YES;
				CLANG_WARN_INT_CONVERSION = YES;
				CLANG_WARN_OBJC_ROOT_CLASS = YES_ERROR;
				CLANG_WARN_SUSPICIOUS_MOVE = YES;
				CLANG_WARN_UNREACHABLE_CODE = YES;
				CLANG_WARN__DUPLICATE_METHOD_MATCH = YES;
				"CODE_SIGN_IDENTITY[sdk=iphoneos*]" = "iPhone Developer";
				COPY_PHASE_STRIP = NO;
				DEBUG_INFORMATION_FORMAT = dwarf;
				ENABLE_STRICT_OBJC_MSGSEND = YES;
				ENABLE_TESTABILITY = YES;
				GCC_C_LANGUAGE_STANDARD = gnu99;
				GCC_DYNAMIC_NO_PIC = NO;
				GCC_NO_COMMON_BLOCKS = YES;
				GCC_OPTIMIZATION_LEVEL = 0;
				GCC_PREPROCESSOR_DEFINITIONS = (
					"DEBUG=1",
					"$(inherited)",
				);
				GCC_WARN_64_TO_32_BIT_CONVERSION = YES;
				GCC_WARN_ABOUT_RETURN_TYPE = YES_ERROR;
				GCC_WARN_UNDECLARED_SELECTOR = YES;
				GCC_WARN_UNINITIALIZED_AUTOS = YES_AGGRESSIVE;
				GCC_WARN_UNUSED_FUNCTION = YES;
				GCC_WARN_UNUSED_VARIABLE = YES;
				IPHONEOS_DEPLOYMENT_TARGET = 10.3;
				MTL_ENABLE_DEBUG_INFO = YES;
				ONLY_ACTIVE_ARCH = YES;
				SDKROOT = iphoneos;
				SWIFT_ACTIVE_COMPILATION_CONDITIONS = DEBUG;
				SWIFT_OPTIMIZATION_LEVEL = "-Onone";
				TARGETED_DEVICE_FAMILY = "1,2";
			};
			name = Debug;
		};
		E596FE661F2775CF000675EC /* Release */ = {
			isa = XCBuildConfiguration;
			buildSettings = {
				ALWAYS_SEARCH_USER_PATHS = NO;
				CLANG_ANALYZER_NONNULL = YES;
				CLANG_ANALYZER_NUMBER_OBJECT_CONVERSION = YES_AGGRESSIVE;
				CLANG_CXX_LANGUAGE_STANDARD = "gnu++0x";
				CLANG_CXX_LIBRARY = "libc++";
				CLANG_ENABLE_MODULES = YES;
				CLANG_ENABLE_OBJC_ARC = YES;
				CLANG_WARN_BOOL_CONVERSION = YES;
				CLANG_WARN_CONSTANT_CONVERSION = YES;
				CLANG_WARN_DIRECT_OBJC_ISA_USAGE = YES_ERROR;
				CLANG_WARN_DOCUMENTATION_COMMENTS = YES;
				CLANG_WARN_EMPTY_BODY = YES;
				CLANG_WARN_ENUM_CONVERSION = YES;
				CLANG_WARN_INFINITE_RECURSION = YES;
				CLANG_WARN_INT_CONVERSION = YES;
				CLANG_WARN_OBJC_ROOT_CLASS = YES_ERROR;
				CLANG_WARN_SUSPICIOUS_MOVE = YES;
				CLANG_WARN_UNREACHABLE_CODE = YES;
				CLANG_WARN__DUPLICATE_METHOD_MATCH = YES;
				"CODE_SIGN_IDENTITY[sdk=iphoneos*]" = "iPhone Developer";
				COPY_PHASE_STRIP = NO;
				DEBUG_INFORMATION_FORMAT = "dwarf-with-dsym";
				ENABLE_NS_ASSERTIONS = NO;
				ENABLE_STRICT_OBJC_MSGSEND = YES;
				GCC_C_LANGUAGE_STANDARD = gnu99;
				GCC_NO_COMMON_BLOCKS = YES;
				GCC_WARN_64_TO_32_BIT_CONVERSION = YES;
				GCC_WARN_ABOUT_RETURN_TYPE = YES_ERROR;
				GCC_WARN_UNDECLARED_SELECTOR = YES;
				GCC_WARN_UNINITIALIZED_AUTOS = YES_AGGRESSIVE;
				GCC_WARN_UNUSED_FUNCTION = YES;
				GCC_WARN_UNUSED_VARIABLE = YES;
				IPHONEOS_DEPLOYMENT_TARGET = 10.3;
				MTL_ENABLE_DEBUG_INFO = NO;
				SDKROOT = iphoneos;
				SWIFT_OPTIMIZATION_LEVEL = "-Owholemodule";
				TARGETED_DEVICE_FAMILY = "1,2";
				VALIDATE_PRODUCT = YES;
			};
			name = Release;
		};
		E596FE681F2775CF000675EC /* Debug */ = {
			isa = XCBuildConfiguration;
			buildSettings = {
				ASSETCATALOG_COMPILER_APPICON_NAME = AppIcon;
				DEVELOPMENT_TEAM = EUPRJDEKWL;
				FRAMEWORK_SEARCH_PATHS = (
					"$(inherited)",
					"$(PROJECT_DIR)/MatFM/ThirdParty",
				);
				INFOPLIST_FILE = MatFM/Info.plist;
				LD_RUNPATH_SEARCH_PATHS = "$(inherited) @executable_path/Frameworks";
				PRODUCT_BUNDLE_IDENTIFIER = uk.easyfutureltd.MatFM;
				PRODUCT_NAME = "$(TARGET_NAME)";
				SWIFT_VERSION = 3.0;
			};
			name = Debug;
		};
		E596FE691F2775CF000675EC /* Release */ = {
			isa = XCBuildConfiguration;
			buildSettings = {
				ASSETCATALOG_COMPILER_APPICON_NAME = AppIcon;
				DEVELOPMENT_TEAM = EUPRJDEKWL;
				FRAMEWORK_SEARCH_PATHS = (
					"$(inherited)",
					"$(PROJECT_DIR)/MatFM/ThirdParty",
				);
				INFOPLIST_FILE = MatFM/Info.plist;
				LD_RUNPATH_SEARCH_PATHS = "$(inherited) @executable_path/Frameworks";
				PRODUCT_BUNDLE_IDENTIFIER = uk.easyfutureltd.MatFM;
				PRODUCT_NAME = "$(TARGET_NAME)";
				SWIFT_VERSION = 3.0;
			};
			name = Release;
		};
		E596FE6B1F2775CF000675EC /* Debug */ = {
			isa = XCBuildConfiguration;
			buildSettings = {
				ALWAYS_EMBED_SWIFT_STANDARD_LIBRARIES = YES;
				BUNDLE_LOADER = "$(TEST_HOST)";
				DEVELOPMENT_TEAM = EUPRJDEKWL;
				FRAMEWORK_SEARCH_PATHS = (
					"$(inherited)",
					"$(PROJECT_DIR)/MatFM/ThirdParty",
				);
				INFOPLIST_FILE = MatFMTests/Info.plist;
				LD_RUNPATH_SEARCH_PATHS = "$(inherited) @executable_path/Frameworks @loader_path/Frameworks";
				PRODUCT_BUNDLE_IDENTIFIER = uk.easyfutureltd.MatFMTests;
				PRODUCT_NAME = "$(TARGET_NAME)";
				SWIFT_VERSION = 3.0;
				TEST_HOST = "$(BUILT_PRODUCTS_DIR)/MatFM.app/MatFM";
			};
			name = Debug;
		};
		E596FE6C1F2775CF000675EC /* Release */ = {
			isa = XCBuildConfiguration;
			buildSettings = {
				ALWAYS_EMBED_SWIFT_STANDARD_LIBRARIES = YES;
				BUNDLE_LOADER = "$(TEST_HOST)";
				DEVELOPMENT_TEAM = EUPRJDEKWL;
				FRAMEWORK_SEARCH_PATHS = (
					"$(inherited)",
					"$(PROJECT_DIR)/MatFM/ThirdParty",
				);
				INFOPLIST_FILE = MatFMTests/Info.plist;
				LD_RUNPATH_SEARCH_PATHS = "$(inherited) @executable_path/Frameworks @loader_path/Frameworks";
				PRODUCT_BUNDLE_IDENTIFIER = uk.easyfutureltd.MatFMTests;
				PRODUCT_NAME = "$(TARGET_NAME)";
				SWIFT_VERSION = 3.0;
				TEST_HOST = "$(BUILT_PRODUCTS_DIR)/MatFM.app/MatFM";
			};
			name = Release;
		};
/* End XCBuildConfiguration section */

/* Begin XCConfigurationList section */
		E596FE451F2775CF000675EC /* Build configuration list for PBXProject "MatFM" */ = {
			isa = XCConfigurationList;
			buildConfigurations = (
				E596FE651F2775CF000675EC /* Debug */,
				E596FE661F2775CF000675EC /* Release */,
			);
			defaultConfigurationIsVisible = 0;
			defaultConfigurationName = Release;
		};
		E596FE671F2775CF000675EC /* Build configuration list for PBXNativeTarget "MatFM" */ = {
			isa = XCConfigurationList;
			buildConfigurations = (
				E596FE681F2775CF000675EC /* Debug */,
				E596FE691F2775CF000675EC /* Release */,
			);
			defaultConfigurationIsVisible = 0;
			defaultConfigurationName = Release;
		};
		E596FE6A1F2775CF000675EC /* Build configuration list for PBXNativeTarget "MatFMTests" */ = {
			isa = XCConfigurationList;
			buildConfigurations = (
				E596FE6B1F2775CF000675EC /* Debug */,
				E596FE6C1F2775CF000675EC /* Release */,
			);
			defaultConfigurationIsVisible = 0;
			defaultConfigurationName = Release;
		};
/* End XCConfigurationList section */
	};
	rootObject = E596FE421F2775CF000675EC /* Project object */;
}
